
Microsoft Visual Studio Solution File, Format Version 12.00
# Visual Studio 2012
Project("{FAE04EC0-301F-11D3-BF4B-00C04F79EFBC}") = "Topshelf.Ninject", "Source\Topshelf.Ninject\Topshelf.Ninject.csproj", "{F26B9EC4-13CF-4093-BD1F-65F9538FD68A}"
EndProject
Project("{FAE04EC0-301F-11D3-BF4B-00C04F79EFBC}") = "Topshelf.Quartz", "Source\Topshelf.Quartz\Topshelf.Quartz.csproj", "{E1751F00-1C7E-45BA-942E-A014F9958E16}"
EndProject
Project("{FAE04EC0-301F-11D3-BF4B-00C04F79EFBC}") = "Topshelf.Quartz.Ninject", "Source\Topshelf.Quartz.Ninject\Topshelf.Quartz.Ninject.csproj", "{CAE8542B-816F-4324-96C1-626BF01A9E60}"
EndProject
Project("{FAE04EC0-301F-11D3-BF4B-00C04F79EFBC}") = "Topshelf.WebApi", "Source\Topshelf.WebApi\Topshelf.WebApi.csproj", "{82F5D689-C5BD-4DDC-9D99-F17A0486BB6E}"
EndProject
Project("{FAE04EC0-301F-11D3-BF4B-00C04F79EFBC}") = "Topshelf.WebApi.Ninject", "Source\Topshelf.WebApi.Ninject\Topshelf.WebApi.Ninject.csproj", "{C6CB41AF-C3EB-4264-921A-09F94B43B5BF}"
EndProject
Project("{2150E333-8FDC-42A3-9474-1A3956D46DE8}") = "Samples", "Samples", "{1964C84C-7159-4FEE-88EA-BEE1C45FF32A}"
EndProject
Project("{FAE04EC0-301F-11D3-BF4B-00C04F79EFBC}") = "Sample.Topshelf.Ninject", "Samples\Sample.Topshelf.Ninject\Sample.Topshelf.Ninject.csproj", "{A28B39FE-5B44-4065-98A8-76F8AAB4A719}"
EndProject
Project("{FAE04EC0-301F-11D3-BF4B-00C04F79EFBC}") = "Sample.Topshelf.Quartz.BackgroundJobs", "Samples\Sample.Topshelf.Quartz.BackgroundJobs\Sample.Topshelf.Quartz.BackgroundJobs.csproj", "{A2252EE8-D2D9-4F81-B1C6-A7E2D03EF314}"
EndProject
Project("{FAE04EC0-301F-11D3-BF4B-00C04F79EFBC}") = "Sample.Topshelf.Quartz.JobAsService", "Samples\Sample.Topshelf.Quartz.JobAsService\Sample.Topshelf.Quartz.JobAsService.csproj", "{AC43A2CC-AAA6-4EB8-97D3-9A7322663489}"
EndProject
Project("{FAE04EC0-301F-11D3-BF4B-00C04F79EFBC}") = "Sample.Topshelf.WebApi", "Samples\Sample.Topshelf.WebApi\Sample.Topshelf.WebApi.csproj", "{022EF609-B8F4-4808-8027-582E7ACCBAA4}"
EndProject
Global
	GlobalSection(SolutionConfigurationPlatforms) = preSolution
		Debug|Any CPU = Debug|Any CPU
		Release 3.5|Any CPU = Release 3.5|Any CPU
		Release 4.0|Any CPU = Release 4.0|Any CPU
		Release 4.5|Any CPU = Release 4.5|Any CPU
		Release|Any CPU = Release|Any CPU
	EndGlobalSection
	GlobalSection(ProjectConfigurationPlatforms) = postSolution
		{F26B9EC4-13CF-4093-BD1F-65F9538FD68A}.Debug|Any CPU.ActiveCfg = Release|Any CPU
		{F26B9EC4-13CF-4093-BD1F-65F9538FD68A}.Debug|Any CPU.Build.0 = Release|Any CPU
		{F26B9EC4-13CF-4093-BD1F-65F9538FD68A}.Release 3.5|Any CPU.ActiveCfg = Release 3.5|Any CPU
		{F26B9EC4-13CF-4093-BD1F-65F9538FD68A}.Release 3.5|Any CPU.Build.0 = Release 3.5|Any CPU
		{F26B9EC4-13CF-4093-BD1F-65F9538FD68A}.Release 4.0|Any CPU.ActiveCfg = Release 4.0|Any CPU
		{F26B9EC4-13CF-4093-BD1F-65F9538FD68A}.Release 4.0|Any CPU.Build.0 = Release 4.0|Any CPU
		{F26B9EC4-13CF-4093-BD1F-65F9538FD68A}.Release 4.5|Any CPU.ActiveCfg = Release 4.5|Any CPU
		{F26B9EC4-13CF-4093-BD1F-65F9538FD68A}.Release 4.5|Any CPU.Build.0 = Release 4.5|Any CPU
		{F26B9EC4-13CF-4093-BD1F-65F9538FD68A}.Release|Any CPU.ActiveCfg = Release|Any CPU
		{F26B9EC4-13CF-4093-BD1F-65F9538FD68A}.Release|Any CPU.Build.0 = Release|Any CPU
		{E1751F00-1C7E-45BA-942E-A014F9958E16}.Debug|Any CPU.ActiveCfg = Release|Any CPU
		{E1751F00-1C7E-45BA-942E-A014F9958E16}.Debug|Any CPU.Build.0 = Release|Any CPU
		{E1751F00-1C7E-45BA-942E-A014F9958E16}.Release 3.5|Any CPU.ActiveCfg = Release 3.5|Any CPU
		{E1751F00-1C7E-45BA-942E-A014F9958E16}.Release 3.5|Any CPU.Build.0 = Release 3.5|Any CPU
		{E1751F00-1C7E-45BA-942E-A014F9958E16}.Release 4.0|Any CPU.ActiveCfg = Release 4.0|Any CPU
		{E1751F00-1C7E-45BA-942E-A014F9958E16}.Release 4.0|Any CPU.Build.0 = Release 4.0|Any CPU
		{E1751F00-1C7E-45BA-942E-A014F9958E16}.Release 4.5|Any CPU.ActiveCfg = Release 4.5|Any CPU
		{E1751F00-1C7E-45BA-942E-A014F9958E16}.Release 4.5|Any CPU.Build.0 = Release 4.5|Any CPU
		{E1751F00-1C7E-45BA-942E-A014F9958E16}.Release|Any CPU.ActiveCfg = Release|Any CPU
		{E1751F00-1C7E-45BA-942E-A014F9958E16}.Release|Any CPU.Build.0 = Release|Any CPU
		{CAE8542B-816F-4324-96C1-626BF01A9E60}.Debug|Any CPU.ActiveCfg = Release|Any CPU
		{CAE8542B-816F-4324-96C1-626BF01A9E60}.Debug|Any CPU.Build.0 = Release|Any CPU
		{CAE8542B-816F-4324-96C1-626BF01A9E60}.Release 3.5|Any CPU.ActiveCfg = Release 3.5|Any CPU
		{CAE8542B-816F-4324-96C1-626BF01A9E60}.Release 3.5|Any CPU.Build.0 = Release 3.5|Any CPU
		{CAE8542B-816F-4324-96C1-626BF01A9E60}.Release 4.0|Any CPU.ActiveCfg = Release 4.0|Any CPU
		{CAE8542B-816F-4324-96C1-626BF01A9E60}.Release 4.0|Any CPU.Build.0 = Release 4.0|Any CPU
		{CAE8542B-816F-4324-96C1-626BF01A9E60}.Release 4.5|Any CPU.ActiveCfg = Release 4.5|Any CPU
		{CAE8542B-816F-4324-96C1-626BF01A9E60}.Release 4.5|Any CPU.Build.0 = Release 4.5|Any CPU
		{CAE8542B-816F-4324-96C1-626BF01A9E60}.Release|Any CPU.ActiveCfg = Release|Any CPU
		{CAE8542B-816F-4324-96C1-626BF01A9E60}.Release|Any CPU.Build.0 = Release|Any CPU
		{82F5D689-C5BD-4DDC-9D99-F17A0486BB6E}.Debug|Any CPU.ActiveCfg = Release|Any CPU
		{82F5D689-C5BD-4DDC-9D99-F17A0486BB6E}.Debug|Any CPU.Build.0 = Release|Any CPU
		{82F5D689-C5BD-4DDC-9D99-F17A0486BB6E}.Release 3.5|Any CPU.ActiveCfg = Release 4.5|Any CPU
		{82F5D689-C5BD-4DDC-9D99-F17A0486BB6E}.Release 4.0|Any CPU.ActiveCfg = Release 4.5|Any CPU
		{82F5D689-C5BD-4DDC-9D99-F17A0486BB6E}.Release 4.5|Any CPU.ActiveCfg = Release 4.5|Any CPU
		{82F5D689-C5BD-4DDC-9D99-F17A0486BB6E}.Release 4.5|Any CPU.Build.0 = Release 4.5|Any CPU
		{82F5D689-C5BD-4DDC-9D99-F17A0486BB6E}.Release|Any CPU.ActiveCfg = Release|Any CPU
		{82F5D689-C5BD-4DDC-9D99-F17A0486BB6E}.Release|Any CPU.Build.0 = Release|Any CPU
		{C6CB41AF-C3EB-4264-921A-09F94B43B5BF}.Debug|Any CPU.ActiveCfg = Release|Any CPU
		{C6CB41AF-C3EB-4264-921A-09F94B43B5BF}.Debug|Any CPU.Build.0 = Release|Any CPU
		{C6CB41AF-C3EB-4264-921A-09F94B43B5BF}.Release 3.5|Any CPU.ActiveCfg = Release 4.5|Any CPU
		{C6CB41AF-C3EB-4264-921A-09F94B43B5BF}.Release 4.0|Any CPU.ActiveCfg = Release 4.5|Any CPU
		{C6CB41AF-C3EB-4264-921A-09F94B43B5BF}.Release 4.5|Any CPU.ActiveCfg = Release 4.5|Any CPU
		{C6CB41AF-C3EB-4264-921A-09F94B43B5BF}.Release 4.5|Any CPU.Build.0 = Release 4.5|Any CPU
		{C6CB41AF-C3EB-4264-921A-09F94B43B5BF}.Release|Any CPU.ActiveCfg = Release|Any CPU
		{C6CB41AF-C3EB-4264-921A-09F94B43B5BF}.Release|Any CPU.Build.0 = Release|Any CPU
		{A28B39FE-5B44-4065-98A8-76F8AAB4A719}.Debug|Any CPU.ActiveCfg = Release|Any CPU
		{A28B39FE-5B44-4065-98A8-76F8AAB4A719}.Debug|Any CPU.Build.0 = Release|Any CPU
		{A28B39FE-5B44-4065-98A8-76F8AAB4A719}.Release 3.5|Any CPU.ActiveCfg = Release|Any CPU
		{A28B39FE-5B44-4065-98A8-76F8AAB4A719}.Release 4.0|Any CPU.ActiveCfg = Release|Any CPU
		{A28B39FE-5B44-4065-98A8-76F8AAB4A719}.Release 4.5|Any CPU.ActiveCfg = Release|Any CPU
		{A28B39FE-5B44-4065-98A8-76F8AAB4A719}.Release|Any CPU.ActiveCfg = Release|Any CPU
		{A28B39FE-5B44-4065-98A8-76F8AAB4A719}.Release|Any CPU.Build.0 = Release|Any CPU
		{A2252EE8-D2D9-4F81-B1C6-A7E2D03EF314}.Debug|Any CPU.ActiveCfg = Release|Any CPU
		{A2252EE8-D2D9-4F81-B1C6-A7E2D03EF314}.Debug|Any CPU.Build.0 = Release|Any CPU
		{A2252EE8-D2D9-4F81-B1C6-A7E2D03EF314}.Release 3.5|Any CPU.ActiveCfg = Release|Any CPU
		{A2252EE8-D2D9-4F81-B1C6-A7E2D03EF314}.Release 4.0|Any CPU.ActiveCfg = Release|Any CPU
		{A2252EE8-D2D9-4F81-B1C6-A7E2D03EF314}.Release 4.5|Any CPU.ActiveCfg = Release|Any CPU
		{A2252EE8-D2D9-4F81-B1C6-A7E2D03EF314}.Release|Any CPU.ActiveCfg = Release|Any CPU
		{A2252EE8-D2D9-4F81-B1C6-A7E2D03EF314}.Release|Any CPU.Build.0 = Release|Any CPU
		{AC43A2CC-AAA6-4EB8-97D3-9A7322663489}.Debug|Any CPU.ActiveCfg = Release|Any CPU
		{AC43A2CC-AAA6-4EB8-97D3-9A7322663489}.Debug|Any CPU.Build.0 = Release|Any CPU
		{AC43A2CC-AAA6-4EB8-97D3-9A7322663489}.Release 3.5|Any CPU.ActiveCfg = Release|Any CPU
		{AC43A2CC-AAA6-4EB8-97D3-9A7322663489}.Release 4.0|Any CPU.ActiveCfg = Release|Any CPU
		{AC43A2CC-AAA6-4EB8-97D3-9A7322663489}.Release 4.5|Any CPU.ActiveCfg = Release|Any CPU
		{AC43A2CC-AAA6-4EB8-97D3-9A7322663489}.Release|Any CPU.ActiveCfg = Release|Any CPU
		{AC43A2CC-AAA6-4EB8-97D3-9A7322663489}.Release|Any CPU.Build.0 = Release|Any CPU
		{022EF609-B8F4-4808-8027-582E7ACCBAA4}.Debug|Any CPU.ActiveCfg = Release|Any CPU
		{022EF609-B8F4-4808-8027-582E7ACCBAA4}.Debug|Any CPU.Build.0 = Release|Any CPU
		{022EF609-B8F4-4808-8027-582E7ACCBAA4}.Release 3.5|Any CPU.ActiveCfg = Release|Any CPU
		{022EF609-B8F4-4808-8027-582E7ACCBAA4}.Release 4.0|Any CPU.ActiveCfg = Release|Any CPU
		{022EF609-B8F4-4808-8027-582E7ACCBAA4}.Release 4.5|Any CPU.ActiveCfg = Release|Any CPU
		{022EF609-B8F4-4808-8027-582E7ACCBAA4}.Release|Any CPU.ActiveCfg = Release|Any CPU
		{022EF609-B8F4-4808-8027-582E7ACCBAA4}.Release|Any CPU.Build.0 = Release|Any CPU
	EndGlobalSection
	GlobalSection(SolutionProperties) = preSolution
		HideSolutionNode = FALSE
	EndGlobalSection
	GlobalSection(NestedProjects) = preSolution
		{A28B39FE-5B44-4065-98A8-76F8AAB4A719} = {1964C84C-7159-4FEE-88EA-BEE1C45FF32A}
		{A2252EE8-D2D9-4F81-B1C6-A7E2D03EF314} = {1964C84C-7159-4FEE-88EA-BEE1C45FF32A}
		{AC43A2CC-AAA6-4EB8-97D3-9A7322663489} = {1964C84C-7159-4FEE-88EA-BEE1C45FF32A}
		{022EF609-B8F4-4808-8027-582E7ACCBAA4} = {1964C84C-7159-4FEE-88EA-BEE1C45FF32A}
	EndGlobalSection
EndGlobal
